
Microsoft Visual Studio Solution File, Format Version 12.00
# Visual Studio Version 16
VisualStudioVersion = 16.0.30907.101
MinimumVisualStudioVersion = 10.0.40219.1
Project("{FAE04EC0-301F-11D3-BF4B-00C04F79EFBC}") = "WindowsFormsApp3", "WindowsFormsApp3\WindowsFormsApp3.csproj", "{99CB977D-17B8-47BF-B2B4-946BB94DF866}"
EndProject
Global
	GlobalSection(SolutionConfigurationPlatforms) = preSolution
		Debug|Any CPU = Debug|Any CPU
		Release|Any CPU = Release|Any CPU
	EndGlobalSection
	GlobalSection(ProjectConfigurationPlatforms) = postSolution
		{99CB977D-17B8-47BF-B2B4-946BB94DF866}.Debug|Any CPU.ActiveCfg = Debug|Any CPU
		{99CB977D-17B8-47BF-B2B4-946BB94DF866}.Debug|Any CPU.Build.0 = Debug|Any CPU
		{99CB977D-17B8-47BF-B2B4-946BB94DF866}.Release|Any CPU.ActiveCfg = Release|Any CPU
		{99CB977D-17B8-47BF-B2B4-946BB94DF866}.Release|Any CPU.Build.0 = Release|Any CPU
	EndGlobalSection
	GlobalSection(SolutionProperties) = preSolution
		HideSolutionNode = FALSE
	EndGlobalSection
	GlobalSection(ExtensibilityGlobals) = postSolution
		SolutionGuid = {F584822B-5EAD-45D8-8B72-C5153323E578}
	EndGlobalSection
EndGlobal
